
Microsoft Visual Studio Solution File, Format Version 12.00
# Visual Studio Version 17
VisualStudioVersion = 17.3.32922.545
MinimumVisualStudioVersion = 10.0.40219.1
Project("{FAE04EC0-301F-11D3-BF4B-00C04F79EFBC}") = "BinarySearchTree_009", "BinarySearchTree_009\BinarySearchTree_009.csproj", "{73986FF6-F487-47E0-B24F-A0145BCF611A}"
EndProject
Global
	GlobalSection(SolutionConfigurationPlatforms) = preSolution
		Debug|Any CPU = Debug|Any CPU
		Release|Any CPU = Release|Any CPU
	EndGlobalSection
	GlobalSection(ProjectConfigurationPlatforms) = postSolution
		{73986FF6-F487-47E0-B24F-A0145BCF611A}.Debug|Any CPU.ActiveCfg = Debug|Any CPU
		{73986FF6-F487-47E0-B24F-A0145BCF611A}.Debug|Any CPU.Build.0 = Debug|Any CPU
		{73986FF6-F487-47E0-B24F-A0145BCF611A}.Release|Any CPU.ActiveCfg = Release|Any CPU
		{73986FF6-F487-47E0-B24F-A0145BCF611A}.Release|Any CPU.Build.0 = Release|Any CPU
	EndGlobalSection
	GlobalSection(SolutionProperties) = preSolution
		HideSolutionNode = FALSE
	EndGlobalSection
	GlobalSection(ExtensibilityGlobals) = postSolution
		SolutionGuid = {854E903F-58B6-4832-AD86-E2DD2663345F}
	EndGlobalSection
EndGlobal
